
Microsoft Visual Studio Solution File, Format Version 12.00
# Visual Studio Version 17
VisualStudioVersion = 17.14.36301.6
MinimumVisualStudioVersion = 10.0.40219.1
Project("{2150E333-8FDC-42A3-9474-1A3956D46DE8}") = "Features", "Features", "{02EA681E-C7D8-13C7-8484-4AC65E1B71E8}"
EndProject
Project("{FAE04EC0-301F-11D3-BF4B-00C04F79EFBC}") = "DynamicQueries.Entities", "DynamicQueries.Entities\DynamicQueries.Entities.csproj", "{0C684042-BD76-427E-867C-1A8E7BDE734B}"
EndProject
Project("{2150E333-8FDC-42A3-9474-1A3956D46DE8}") = "DynamicQueries", "DynamicQueries", "{8F495FBB-F50D-4A22-B6B9-96245D41F19B}"
EndProject
Project("{FAE04EC0-301F-11D3-BF4B-00C04F79EFBC}") = "DynamicQueries.BusinessObjects", "DynamicQueries.BusinessObjects\DynamicQueries.BusinessObjects.csproj", "{D80DB978-EFFE-4634-80E1-7B5B5729C403}"
EndProject
Project("{FAE04EC0-301F-11D3-BF4B-00C04F79EFBC}") = "DynamicQueries.Core", "DynamicQueries.Core\DynamicQueries.Core.csproj", "{A592436F-ABBD-4287-A73E-1472FA95623D}"
EndProject
Project("{FAE04EC0-301F-11D3-BF4B-00C04F79EFBC}") = "DynamicQueries.Repositories", "DynamicQueries.Repositories\DynamicQueries.Repositories.csproj", "{3D565F75-7069-4A1E-9502-507D50F8CFA3}"
EndProject
Project("{2150E333-8FDC-42A3-9474-1A3956D46DE8}") = "Contracts", "Contracts", "{C90C763C-74D6-4441-8AFA-3A2AA375D75D}"
EndProject
Project("{2150E333-8FDC-42A3-9474-1A3956D46DE8}") = "Rest", "Rest", "{2B55423F-7BEE-4DBD-8A6C-32AC7396CC7E}"
EndProject
Project("{FAE04EC0-301F-11D3-BF4B-00C04F79EFBC}") = "DynamicQueries.Rest.Controllers", "DynamicQueries.Rest.Controllers\DynamicQueries.Rest.Controllers.csproj", "{80F3C517-3F14-46E8-8A91-741267A4B7E4}"
EndProject
Project("{2150E333-8FDC-42A3-9474-1A3956D46DE8}") = "Infrastructure", "Infrastructure", "{DE8AD003-04B4-4667-B368-579AAE7FA237}"
EndProject
Project("{2150E333-8FDC-42A3-9474-1A3956D46DE8}") = "Repositories", "Repositories", "{3613C3BA-0755-4D75-97E2-B98A1D43C459}"
EndProject
Project("{2150E333-8FDC-42A3-9474-1A3956D46DE8}") = "Controllers", "Controllers", "{A2E59EA6-253C-4BBD-84C7-00A89DF0DE37}"
EndProject
Project("{2150E333-8FDC-42A3-9474-1A3956D46DE8}") = "Domain", "Domain", "{48561777-0CCB-4052-A6CD-88E453483D92}"
EndProject
Project("{2150E333-8FDC-42A3-9474-1A3956D46DE8}") = "WebApis", "WebApis", "{9B982EA0-2838-4187-9D78-2934380C53EF}"
EndProject
Project("{FAE04EC0-301F-11D3-BF4B-00C04F79EFBC}") = "DynamicQuery.WebApi", "DynamicQuery.WebApi\DynamicQuery.WebApi.csproj", "{9B08571B-977F-4A9A-A306-D54A22BDC09B}"
EndProject
Project("{2150E333-8FDC-42A3-9474-1A3956D46DE8}") = "DynamicQueries", "DynamicQueries", "{E10CC1EA-9A4B-4A2F-9D23-A27437CA9D5C}"
EndProject
Project("{2150E333-8FDC-42A3-9474-1A3956D46DE8}") = "Libs", "Libs", "{EA87D09F-2D71-4743-9639-53C11CF702DB}"
EndProject
Project("{FAE04EC0-301F-11D3-BF4B-00C04F79EFBC}") = "MessageLogger", "MessageLogger\MessageLogger.csproj", "{2ED63215-EDBF-4030-9E7D-9BE1937A290E}"
EndProject
Project("{2150E333-8FDC-42A3-9474-1A3956D46DE8}") = "LLM", "LLM", "{233E0EE6-0B83-4A1C-A338-D9A55BF925D9}"
EndProject
Project("{FAE04EC0-301F-11D3-BF4B-00C04F79EFBC}") = "LLM.Abstractions", "LLM.Abstractions\LLM.Abstractions.csproj", "{06B43DA7-EB60-423C-A901-151EFE5F5C9F}"
EndProject
Project("{FAE04EC0-301F-11D3-BF4B-00C04F79EFBC}") = "LLM.Providers", "LLM.Providers\LLM.Providers.csproj", "{A4706FD1-0FA3-42AB-BC04-B328511F6141}"
EndProject
Project("{2150E333-8FDC-42A3-9474-1A3956D46DE8}") = "PlayGroudConsole", "PlayGroudConsole", "{39CAB647-5934-42CF-A859-CFD741CB7A9C}"
EndProject
Project("{FAE04EC0-301F-11D3-BF4B-00C04F79EFBC}") = "PlaygroundConsole", "PlaygroundConsole\PlaygroundConsole.csproj", "{D985068A-71B7-4749-9579-A543674277A3}"
EndProject
Global
	GlobalSection(SolutionConfigurationPlatforms) = preSolution
		Debug|Any CPU = Debug|Any CPU
		Release|Any CPU = Release|Any CPU
	EndGlobalSection
	GlobalSection(ProjectConfigurationPlatforms) = postSolution
		{0C684042-BD76-427E-867C-1A8E7BDE734B}.Debug|Any CPU.ActiveCfg = Debug|Any CPU
		{0C684042-BD76-427E-867C-1A8E7BDE734B}.Debug|Any CPU.Build.0 = Debug|Any CPU
		{0C684042-BD76-427E-867C-1A8E7BDE734B}.Release|Any CPU.ActiveCfg = Release|Any CPU
		{0C684042-BD76-427E-867C-1A8E7BDE734B}.Release|Any CPU.Build.0 = Release|Any CPU
		{D80DB978-EFFE-4634-80E1-7B5B5729C403}.Debug|Any CPU.ActiveCfg = Debug|Any CPU
		{D80DB978-EFFE-4634-80E1-7B5B5729C403}.Debug|Any CPU.Build.0 = Debug|Any CPU
		{D80DB978-EFFE-4634-80E1-7B5B5729C403}.Release|Any CPU.ActiveCfg = Release|Any CPU
		{D80DB978-EFFE-4634-80E1-7B5B5729C403}.Release|Any CPU.Build.0 = Release|Any CPU
		{A592436F-ABBD-4287-A73E-1472FA95623D}.Debug|Any CPU.ActiveCfg = Debug|Any CPU
		{A592436F-ABBD-4287-A73E-1472FA95623D}.Debug|Any CPU.Build.0 = Debug|Any CPU
		{A592436F-ABBD-4287-A73E-1472FA95623D}.Release|Any CPU.ActiveCfg = Release|Any CPU
		{A592436F-ABBD-4287-A73E-1472FA95623D}.Release|Any CPU.Build.0 = Release|Any CPU
		{3D565F75-7069-4A1E-9502-507D50F8CFA3}.Debug|Any CPU.ActiveCfg = Debug|Any CPU
		{3D565F75-7069-4A1E-9502-507D50F8CFA3}.Debug|Any CPU.Build.0 = Debug|Any CPU
		{3D565F75-7069-4A1E-9502-507D50F8CFA3}.Release|Any CPU.ActiveCfg = Release|Any CPU
		{3D565F75-7069-4A1E-9502-507D50F8CFA3}.Release|Any CPU.Build.0 = Release|Any CPU
		{80F3C517-3F14-46E8-8A91-741267A4B7E4}.Debug|Any CPU.ActiveCfg = Debug|Any CPU
		{80F3C517-3F14-46E8-8A91-741267A4B7E4}.Debug|Any CPU.Build.0 = Debug|Any CPU
		{80F3C517-3F14-46E8-8A91-741267A4B7E4}.Release|Any CPU.ActiveCfg = Release|Any CPU
		{80F3C517-3F14-46E8-8A91-741267A4B7E4}.Release|Any CPU.Build.0 = Release|Any CPU
		{9B08571B-977F-4A9A-A306-D54A22BDC09B}.Debug|Any CPU.ActiveCfg = Debug|Any CPU
		{9B08571B-977F-4A9A-A306-D54A22BDC09B}.Debug|Any CPU.Build.0 = Debug|Any CPU
		{9B08571B-977F-4A9A-A306-D54A22BDC09B}.Release|Any CPU.ActiveCfg = Release|Any CPU
		{9B08571B-977F-4A9A-A306-D54A22BDC09B}.Release|Any CPU.Build.0 = Release|Any CPU
		{2ED63215-EDBF-4030-9E7D-9BE1937A290E}.Debug|Any CPU.ActiveCfg = Debug|Any CPU
		{2ED63215-EDBF-4030-9E7D-9BE1937A290E}.Debug|Any CPU.Build.0 = Debug|Any CPU
		{2ED63215-EDBF-4030-9E7D-9BE1937A290E}.Release|Any CPU.ActiveCfg = Release|Any CPU
		{2ED63215-EDBF-4030-9E7D-9BE1937A290E}.Release|Any CPU.Build.0 = Release|Any CPU
		{06B43DA7-EB60-423C-A901-151EFE5F5C9F}.Debug|Any CPU.ActiveCfg = Debug|Any CPU
		{06B43DA7-EB60-423C-A901-151EFE5F5C9F}.Debug|Any CPU.Build.0 = Debug|Any CPU
		{06B43DA7-EB60-423C-A901-151EFE5F5C9F}.Release|Any CPU.ActiveCfg = Release|Any CPU
		{06B43DA7-EB60-423C-A901-151EFE5F5C9F}.Release|Any CPU.Build.0 = Release|Any CPU
		{A4706FD1-0FA3-42AB-BC04-B328511F6141}.Debug|Any CPU.ActiveCfg = Debug|Any CPU
		{A4706FD1-0FA3-42AB-BC04-B328511F6141}.Debug|Any CPU.Build.0 = Debug|Any CPU
		{A4706FD1-0FA3-42AB-BC04-B328511F6141}.Release|Any CPU.ActiveCfg = Release|Any CPU
		{A4706FD1-0FA3-42AB-BC04-B328511F6141}.Release|Any CPU.Build.0 = Release|Any CPU
		{D985068A-71B7-4749-9579-A543674277A3}.Debug|Any CPU.ActiveCfg = Debug|Any CPU
		{D985068A-71B7-4749-9579-A543674277A3}.Debug|Any CPU.Build.0 = Debug|Any CPU
		{D985068A-71B7-4749-9579-A543674277A3}.Release|Any CPU.ActiveCfg = Release|Any CPU
		{D985068A-71B7-4749-9579-A543674277A3}.Release|Any CPU.Build.0 = Release|Any CPU
	EndGlobalSection
	GlobalSection(SolutionProperties) = preSolution
		HideSolutionNode = FALSE
	EndGlobalSection
	GlobalSection(NestedProjects) = preSolution
		{02EA681E-C7D8-13C7-8484-4AC65E1B71E8} = {E10CC1EA-9A4B-4A2F-9D23-A27437CA9D5C}
		{0C684042-BD76-427E-867C-1A8E7BDE734B} = {C90C763C-74D6-4441-8AFA-3A2AA375D75D}
		{8F495FBB-F50D-4A22-B6B9-96245D41F19B} = {02EA681E-C7D8-13C7-8484-4AC65E1B71E8}
		{D80DB978-EFFE-4634-80E1-7B5B5729C403} = {48561777-0CCB-4052-A6CD-88E453483D92}
		{A592436F-ABBD-4287-A73E-1472FA95623D} = {48561777-0CCB-4052-A6CD-88E453483D92}
		{3D565F75-7069-4A1E-9502-507D50F8CFA3} = {3613C3BA-0755-4D75-97E2-B98A1D43C459}
		{C90C763C-74D6-4441-8AFA-3A2AA375D75D} = {8F495FBB-F50D-4A22-B6B9-96245D41F19B}
		{2B55423F-7BEE-4DBD-8A6C-32AC7396CC7E} = {A2E59EA6-253C-4BBD-84C7-00A89DF0DE37}
		{80F3C517-3F14-46E8-8A91-741267A4B7E4} = {2B55423F-7BEE-4DBD-8A6C-32AC7396CC7E}
		{DE8AD003-04B4-4667-B368-579AAE7FA237} = {8F495FBB-F50D-4A22-B6B9-96245D41F19B}
		{3613C3BA-0755-4D75-97E2-B98A1D43C459} = {DE8AD003-04B4-4667-B368-579AAE7FA237}
		{A2E59EA6-253C-4BBD-84C7-00A89DF0DE37} = {DE8AD003-04B4-4667-B368-579AAE7FA237}
		{48561777-0CCB-4052-A6CD-88E453483D92} = {8F495FBB-F50D-4A22-B6B9-96245D41F19B}
		{9B982EA0-2838-4187-9D78-2934380C53EF} = {E10CC1EA-9A4B-4A2F-9D23-A27437CA9D5C}
		{9B08571B-977F-4A9A-A306-D54A22BDC09B} = {9B982EA0-2838-4187-9D78-2934380C53EF}
		{2ED63215-EDBF-4030-9E7D-9BE1937A290E} = {EA87D09F-2D71-4743-9639-53C11CF702DB}
		{06B43DA7-EB60-423C-A901-151EFE5F5C9F} = {233E0EE6-0B83-4A1C-A338-D9A55BF925D9}
		{A4706FD1-0FA3-42AB-BC04-B328511F6141} = {233E0EE6-0B83-4A1C-A338-D9A55BF925D9}
		{D985068A-71B7-4749-9579-A543674277A3} = {39CAB647-5934-42CF-A859-CFD741CB7A9C}
	EndGlobalSection
	GlobalSection(ExtensibilityGlobals) = postSolution
		SolutionGuid = {8E0C9216-8FEE-4A4E-8EED-AA359CC383B8}
	EndGlobalSection
EndGlobal
